// !$*UTF8*$!
{
	archiveVersion = 1;
	classes = {
	};
	objectVersion = 56;
	objects = {

/* Begin PBXBuildFile section */
		8563E03C2A5682EB002925F3 /* main.swift in Sources */ = {isa = PBXBuildFile; fileRef = 8563E03B2A5682EB002925F3 /* main.swift */; };
		85A95AC72A4FFDE90082DE7B /* testingApp.swift in Sources */ = {isa = PBXBuildFile; fileRef = 85A95AC62A4FFDE90082DE7B /* testingApp.swift */; };
		85A95AC92A4FFDE90082DE7B /* ContentView.swift in Sources */ = {isa = PBXBuildFile; fileRef = 85A95AC82A4FFDE90082DE7B /* ContentView.swift */; };
		85A95ACB2A4FFDEA0082DE7B /* Assets.xcassets in Resources */ = {isa = PBXBuildFile; fileRef = 85A95ACA2A4FFDEA0082DE7B /* Assets.xcassets */; };
		85A95ACE2A4FFDEA0082DE7B /* Preview Assets.xcassets in Resources */ = {isa = PBXBuildFile; fileRef = 85A95ACD2A4FFDEA0082DE7B /* Preview Assets.xcassets */; };
		85A95AD92A4FFDEA0082DE7B /* testingTests.swift in Sources */ = {isa = PBXBuildFile; fileRef = 85A95AD82A4FFDEA0082DE7B /* testingTests.swift */; };
		85A95AE32A4FFDEA0082DE7B /* testingUITests.swift in Sources */ = {isa = PBXBuildFile; fileRef = 85A95AE22A4FFDEA0082DE7B /* testingUITests.swift */; };
		85A95AE52A4FFDEA0082DE7B /* testingUITestsLaunchTests.swift in Sources */ = {isa = PBXBuildFile; fileRef = 85A95AE42A4FFDEA0082DE7B /* testingUITestsLaunchTests.swift */; };
/* End PBXBuildFile section */

/* Begin PBXContainerItemProxy section */
		85A95AD52A4FFDEA0082DE7B /* PBXContainerItemProxy */ = {
			isa = PBXContainerItemProxy;
			containerPortal = 85A95ABB2A4FFDE90082DE7B /* Project object */;
			proxyType = 1;
			remoteGlobalIDString = 85A95AC22A4FFDE90082DE7B;
			remoteInfo = testing;
		};
		85A95ADF2A4FFDEA0082DE7B /* PBXContainerItemProxy */ = {
			isa = PBXContainerItemProxy;
			containerPortal = 85A95ABB2A4FFDE90082DE7B /* Project object */;
			proxyType = 1;
			remoteGlobalIDString = 85A95AC22A4FFDE90082DE7B;
			remoteInfo = testing;
		};
/* End PBXContainerItemProxy section */

/* Begin PBXFileReference section */
		8563E03B2A5682EB002925F3 /* main.swift */ = {isa = PBXFileReference; lastKnownFileType = sourcecode.swift; path = main.swift; sourceTree = "<group>"; };
		85A95AC32A4FFDE90082DE7B /* testing.app */ = {isa = PBXFileReference; explicitFileType = wrapper.application; includeInIndex = 0; path = testing.app; sourceTree = BUILT_PRODUCTS_DIR; };
		85A95AC62A4FFDE90082DE7B /* testingApp.swift */ = {isa = PBXFileReference; lastKnownFileType = sourcecode.swift; path = testingApp.swift; sourceTree = "<group>"; };
		85A95AC82A4FFDE90082DE7B /* ContentView.swift */ = {isa = PBXFileReference; lastKnownFileType = sourcecode.swift; path = ContentView.swift; sourceTree = "<group>"; };
		85A95ACA2A4FFDEA0082DE7B /* Assets.xcassets */ = {isa = PBXFileReference; lastKnownFileType = folder.assetcatalog; path = Assets.xcassets; sourceTree = "<group>"; };
		85A95ACD2A4FFDEA0082DE7B /* Preview Assets.xcassets */ = {isa = PBXFileReference; lastKnownFileType = folder.assetcatalog; path = "Preview Assets.xcassets"; sourceTree = "<group>"; };
		85A95ACF2A4FFDEA0082DE7B /* testing.entitlements */ = {isa = PBXFileReference; lastKnownFileType = text.plist.entitlements; path = testing.entitlements; sourceTree = "<group>"; };
		85A95AD42A4FFDEA0082DE7B /* testingTests.xctest */ = {isa = PBXFileReference; explicitFileType = wrapper.cfbundle; includeInIndex = 0; path = testingTests.xctest; sourceTree = BUILT_PRODUCTS_DIR; };
		85A95AD82A4FFDEA0082DE7B /* testingTests.swift */ = {isa = PBXFileReference; lastKnownFileType = sourcecode.swift; path = testingTests.swift; sourceTree = "<group>"; };
		85A95ADE2A4FFDEA0082DE7B /* testingUITests.xctest */ = {isa = PBXFileReference; explicitFileType = wrapper.cfbundle; includeInIndex = 0; path = testingUITests.xctest; sourceTree = BUILT_PRODUCTS_DIR; };
		85A95AE22A4FFDEA0082DE7B /* testingUITests.swift */ = {isa = PBXFileReference; lastKnownFileType = sourcecode.swift; path = testingUITests.swift; sourceTree = "<group>"; };
		85A95AE42A4FFDEA0082DE7B /* testingUITestsLaunchTests.swift */ = {isa = PBXFileReference; lastKnownFileType = sourcecode.swift; path = testingUITestsLaunchTests.swift; sourceTree = "<group>"; };
/* End PBXFileReference section */

/* Begin PBXFrameworksBuildPhase section */
		85A95AC02A4FFDE90082DE7B /* Frameworks */ = {
			isa = PBXFrameworksBuildPhase;
			buildActionMask = 2147483647;
			files = (
			);
			runOnlyForDeploymentPostprocessing = 0;
		};
		85A95AD12A4FFDEA0082DE7B /* Frameworks */ = {
			isa = PBXFrameworksBuildPhase;
			buildActionMask = 2147483647;
			files = (
			);
			runOnlyForDeploymentPostprocessing = 0;
		};
		85A95ADB2A4FFDEA0082DE7B /* Frameworks */ = {
			isa = PBXFrameworksBuildPhase;
			buildActionMask = 2147483647;
			files = (
			);
			runOnlyForDeploymentPostprocessing = 0;
		};
/* End PBXFrameworksBuildPhase section */

/* Begin PBXGroup section */
		85A95ABA2A4FFDE90082DE7B = {
			isa = PBXGroup;
			children = (
				85A95AC52A4FFDE90082DE7B /* testing */,
				85A95AD72A4FFDEA0082DE7B /* testingTests */,
				85A95AE12A4FFDEA0082DE7B /* testingUITests */,
				85A95AC42A4FFDE90082DE7B /* Products */,
			);
			sourceTree = "<group>";
		};
		85A95AC42A4FFDE90082DE7B /* Products */ = {
			isa = PBXGroup;
			children = (
				85A95AC32A4FFDE90082DE7B /* testing.app */,
				85A95AD42A4FFDEA0082DE7B /* testingTests.xctest */,
				85A95ADE2A4FFDEA0082DE7B /* testingUITests.xctest */,
			);
			name = Products;
			sourceTree = "<group>";
		};
		85A95AC52A4FFDE90082DE7B /* testing */ = {
			isa = PBXGroup;
			children = (
				85A95AC62A4FFDE90082DE7B /* testingApp.swift */,
				85A95AC82A4FFDE90082DE7B /* ContentView.swift */,
				85A95ACA2A4FFDEA0082DE7B /* Assets.xcassets */,
				85A95ACF2A4FFDEA0082DE7B /* testing.entitlements */,
				85A95ACC2A4FFDEA0082DE7B /* Preview Content */,
				8563E03B2A5682EB002925F3 /* main.swift */,
			);
			path = testing;
			sourceTree = "<group>";
		};
		85A95ACC2A4FFDEA0082DE7B /* Preview Content */ = {
			isa = PBXGroup;
			children = (
				85A95ACD2A4FFDEA0082DE7B /* Preview Assets.xcassets */,
			);
			path = "Preview Content";
			sourceTree = "<group>";
		};
		85A95AD72A4FFDEA0082DE7B /* testingTests */ = {
			isa = PBXGroup;
			children = (
				85A95AD82A4FFDEA0082DE7B /* testingTests.swift */,
			);
			path = testingTests;
			sourceTree = "<group>";
		};
		85A95AE12A4FFDEA0082DE7B /* testingUITests */ = {
			isa = PBXGroup;
			children = (
				85A95AE22A4FFDEA0082DE7B /* testingUITests.swift */,
				85A95AE42A4FFDEA0082DE7B /* testingUITestsLaunchTests.swift */,
			);
			path = testingUITests;
			sourceTree = "<group>";
		};
/* End PBXGroup section */

/* Begin PBXNativeTarget section */
		85A95AC22A4FFDE90082DE7B /* testing */ = {
			isa = PBXNativeTarget;
			buildConfigurationList = 85A95AE82A4FFDEA0082DE7B /* Build configuration list for PBXNativeTarget "testing" */;
			buildPhases = (
				85A95ABF2A4FFDE90082DE7B /* Sources */,
				85A95AC02A4FFDE90082DE7B /* Frameworks */,
				85A95AC12A4FFDE90082DE7B /* Resources */,
			);
			buildRules = (
			);
			dependencies = (
			);
			name = testing;
			productName = testing;
			productReference = 85A95AC32A4FFDE90082DE7B /* testing.app */;
			productType = "com.apple.product-type.application";
		};
		85A95AD32A4FFDEA0082DE7B /* testingTests */ = {
			isa = PBXNativeTarget;
			buildConfigurationList = 85A95AEB2A4FFDEA0082DE7B /* Build configuration list for PBXNativeTarget "testingTests" */;
			buildPhases = (
				85A95AD02A4FFDEA0082DE7B /* Sources */,
				85A95AD12A4FFDEA0082DE7B /* Frameworks */,
				85A95AD22A4FFDEA0082DE7B /* Resources */,
			);
			buildRules = (
			);
			dependencies = (
				85A95AD62A4FFDEA0082DE7B /* PBXTargetDependency */,
			);
			name = testingTests;
			productName = testingTests;
			productReference = 85A95AD42A4FFDEA0082DE7B /* testingTests.xctest */;
			productType = "com.apple.product-type.bundle.unit-test";
		};
		85A95ADD2A4FFDEA0082DE7B /* testingUITests */ = {
			isa = PBXNativeTarget;
			buildConfigurationList = 85A95AEE2A4FFDEA0082DE7B /* Build configuration list for PBXNativeTarget "testingUITests" */;
			buildPhases = (
				85A95ADA2A4FFDEA0082DE7B /* Sources */,
				85A95ADB2A4FFDEA0082DE7B /* Frameworks */,
				85A95ADC2A4FFDEA0082DE7B /* Resources */,
			);
			buildRules = (
			);
			dependencies = (
				85A95AE02A4FFDEA0082DE7B /* PBXTargetDependency */,
			);
			name = testingUITests;
			productName = testingUITests;
			productReference = 85A95ADE2A4FFDEA0082DE7B /* testingUITests.xctest */;
			productType = "com.apple.product-type.bundle.ui-testing";
		};
/* End PBXNativeTarget section */

/* Begin PBXProject section */
		85A95ABB2A4FFDE90082DE7B /* Project object */ = {
			isa = PBXProject;
			attributes = {
				BuildIndependentTargetsInParallel = 1;
				LastSwiftUpdateCheck = 1430;
				LastUpgradeCheck = 1430;
				TargetAttributes = {
					85A95AC22A4FFDE90082DE7B = {
						CreatedOnToolsVersion = 14.3.1;
					};
					85A95AD32A4FFDEA0082DE7B = {
						CreatedOnToolsVersion = 14.3.1;
						TestTargetID = 85A95AC22A4FFDE90082DE7B;
					};
					85A95ADD2A4FFDEA0082DE7B = {
						CreatedOnToolsVersion = 14.3.1;
						TestTargetID = 85A95AC22A4FFDE90082DE7B;
					};
				};
			};
			buildConfigurationList = 85A95ABE2A4FFDE90082DE7B /* Build configuration list for PBXProject "testing" */;
			compatibilityVersion = "Xcode 14.0";
			developmentRegion = en;
			hasScannedForEncodings = 0;
			knownRegions = (
				en,
				Base,
			);
			mainGroup = 85A95ABA2A4FFDE90082DE7B;
			productRefGroup = 85A95AC42A4FFDE90082DE7B /* Products */;
			projectDirPath = "";
			projectRoot = "";
			targets = (
				85A95AC22A4FFDE90082DE7B /* testing */,
				85A95AD32A4FFDEA0082DE7B /* testingTests */,
				85A95ADD2A4FFDEA0082DE7B /* testingUITests */,
			);
		};
/* End PBXProject section */

/* Begin PBXResourcesBuildPhase section */
		85A95AC12A4FFDE90082DE7B /* Resources */ = {
			isa = PBXResourcesBuildPhase;
			buildActionMask = 2147483647;
			files = (
				85A95ACE2A4FFDEA0082DE7B /* Preview Assets.xcassets in Resources */,
				85A95ACB2A4FFDEA0082DE7B /* Assets.xcassets in Resources */,
			);
			runOnlyForDeploymentPostprocessing = 0;
		};
		85A95AD22A4FFDEA0082DE7B /* Resources */ = {
			isa = PBXResourcesBuildPhase;
			buildActionMask = 2147483647;
			files = (
			);
			runOnlyForDeploymentPostprocessing = 0;
		};
		85A95ADC2A4FFDEA0082DE7B /* Resources */ = {
			isa = PBXResourcesBuildPhase;
			buildActionMask = 2147483647;
			files = (
			);
			runOnlyForDeploymentPostprocessing = 0;
		};
/* End PBXResourcesBuildPhase section */

/* Begin PBXSourcesBuildPhase section */
		85A95ABF2A4FFDE90082DE7B /* Sources */ = {
			isa = PBXSourcesBuildPhase;
			buildActionMask = 2147483647;
			files = (
				85A95AC92A4FFDE90082DE7B /* ContentView.swift in Sources */,
				85A95AC72A4FFDE90082DE7B /* testingApp.swift in Sources */,
				8563E03C2A5682EB002925F3 /* main.swift in Sources */,
			);
			runOnlyForDeploymentPostprocessing = 0;
		};
		85A95AD02A4FFDEA0082DE7B /* Sources */ = {
			isa = PBXSourcesBuildPhase;
			buildActionMask = 2147483647;
			files = (
				85A95AD92A4FFDEA0082DE7B /* testingTests.swift in Sources */,
			);
			runOnlyForDeploymentPostprocessing = 0;
		};
		85A95ADA2A4FFDEA0082DE7B /* Sources */ = {
			isa = PBXSourcesBuildPhase;
			buildActionMask = 2147483647;
			files = (
				85A95AE32A4FFDEA0082DE7B /* testingUITests.swift in Sources */,
				85A95AE52A4FFDEA0082DE7B /* testingUITestsLaunchTests.swift in Sources */,
			);
			runOnlyForDeploymentPostprocessing = 0;
		};
/* End PBXSourcesBuildPhase section */

/* Begin PBXTargetDependency section */
		85A95AD62A4FFDEA0082DE7B /* PBXTargetDependency */ = {
			isa = PBXTargetDependency;
			target = 85A95AC22A4FFDE90082DE7B /* testing */;
			targetProxy = 85A95AD52A4FFDEA0082DE7B /* PBXContainerItemProxy */;
		};
		85A95AE02A4FFDEA0082DE7B /* PBXTargetDependency */ = {
			isa = PBXTargetDependency;
			target = 85A95AC22A4FFDE90082DE7B /* testing */;
			targetProxy = 85A95ADF2A4FFDEA0082DE7B /* PBXContainerItemProxy */;
		};
/* End PBXTargetDependency section */

/* Begin XCBuildConfiguration section */
		85A95AE62A4FFDEA0082DE7B /* Debug */ = {
			isa = XCBuildConfiguration;
			buildSettings = {
				ALWAYS_SEARCH_USER_PATHS = NO;
				CLANG_ANALYZER_NONNULL = YES;
				CLANG_ANALYZER_NUMBER_OBJECT_CONVERSION = YES_AGGRESSIVE;
				CLANG_CXX_LANGUAGE_STANDARD = "gnu++20";
				CLANG_ENABLE_MODULES = YES;
				CLANG_ENABLE_OBJC_ARC = YES;
				CLANG_ENABLE_OBJC_WEAK = YES;
				CLANG_WARN_BLOCK_CAPTURE_AUTORELEASING = YES;
				CLANG_WARN_BOOL_CONVERSION = YES;
				CLANG_WARN_COMMA = YES;
				CLANG_WARN_CONSTANT_CONVERSION = YES;
				CLANG_WARN_DEPRECATED_OBJC_IMPLEMENTATIONS = YES;
				CLANG_WARN_DIRECT_OBJC_ISA_USAGE = YES_ERROR;
				CLANG_WARN_DOCUMENTATION_COMMENTS = YES;
				CLANG_WARN_EMPTY_BODY = YES;
				CLANG_WARN_ENUM_CONVERSION = YES;
				CLANG_WARN_INFINITE_RECURSION = YES;
				CLANG_WARN_INT_CONVERSION = YES;
				CLANG_WARN_NON_LITERAL_NULL_CONVERSION = YES;
				CLANG_WARN_OBJC_IMPLICIT_RETAIN_SELF = YES;
				CLANG_WARN_OBJC_LITERAL_CONVERSION = YES;
				CLANG_WARN_OBJC_ROOT_CLASS = YES_ERROR;
				CLANG_WARN_QUOTED_INCLUDE_IN_FRAMEWORK_HEADER = YES;
				CLANG_WARN_RANGE_LOOP_ANALYSIS = YES;
				CLANG_WARN_STRICT_PROTOTYPES = YES;
				CLANG_WARN_SUSPICIOUS_MOVE = YES;
				CLANG_WARN_UNGUARDED_AVAILABILITY = YES_AGGRESSIVE;
				CLANG_WARN_UNREACHABLE_CODE = YES;
				CLANG_WARN__DUPLICATE_METHOD_MATCH = YES;
				COPY_PHASE_STRIP = NO;
				DEBUG_INFORMATION_FORMAT = dwarf;
				ENABLE_STRICT_OBJC_MSGSEND = YES;
				ENABLE_TESTABILITY = YES;
				GCC_C_LANGUAGE_STANDARD = gnu11;
				GCC_DYNAMIC_NO_PIC = NO;
				GCC_NO_COMMON_BLOCKS = YES;
				GCC_OPTIMIZATION_LEVEL = 0;
				GCC_PREPROCESSOR_DEFINITIONS = (
					"DEBUG=1",
					"$(inherited)",
				);
				GCC_WARN_64_TO_32_BIT_CONVERSION = YES;
				GCC_WARN_ABOUT_RETURN_TYPE = YES_ERROR;
				GCC_WARN_UNDECLARED_SELECTOR = YES;
				GCC_WARN_UNINITIALIZED_AUTOS = YES_AGGRESSIVE;
				GCC_WARN_UNUSED_FUNCTION = YES;
				GCC_WARN_UNUSED_VARIABLE = YES;
				MACOSX_DEPLOYMENT_TARGET = 13.3;
				MTL_ENABLE_DEBUG_INFO = INCLUDE_SOURCE;
				MTL_FAST_MATH = YES;
				ONLY_ACTIVE_ARCH = YES;
				SDKROOT = macosx;
				SWIFT_ACTIVE_COMPILATION_CONDITIONS = DEBUG;
				SWIFT_OPTIMIZATION_LEVEL = "-Onone";
			};
			name = Debug;
		};
		85A95AE72A4FFDEA0082DE7B /* Release */ = {
			isa = XCBuildConfiguration;
			buildSettings = {
				ALWAYS_SEARCH_USER_PATHS = NO;
				CLANG_ANALYZER_NONNULL = YES;
				CLANG_ANALYZER_NUMBER_OBJECT_CONVERSION = YES_AGGRESSIVE;
				CLANG_CXX_LANGUAGE_STANDARD = "gnu++20";
				CLANG_ENABLE_MODULES = YES;
				CLANG_ENABLE_OBJC_ARC = YES;
				CLANG_ENABLE_OBJC_WEAK = YES;
				CLANG_WARN_BLOCK_CAPTURE_AUTORELEASING = YES;
				CLANG_WARN_BOOL_CONVERSION = YES;
				CLANG_WARN_COMMA = YES;
				CLANG_WARN_CONSTANT_CONVERSION = YES;
				CLANG_WARN_DEPRECATED_OBJC_IMPLEMENTATIONS = YES;
				CLANG_WARN_DIRECT_OBJC_ISA_USAGE = YES_ERROR;
				CLANG_WARN_DOCUMENTATION_COMMENTS = YES;
				CLANG_WARN_EMPTY_BODY = YES;
				CLANG_WARN_ENUM_CONVERSION = YES;
				CLANG_WARN_INFINITE_RECURSION = YES;
				CLANG_WARN_INT_CONVERSION = YES;
				CLANG_WARN_NON_LITERAL_NULL_CONVERSION = YES;
				CLANG_WARN_OBJC_IMPLICIT_RETAIN_SELF = YES;
				CLANG_WARN_OBJC_LITERAL_CONVERSION = YES;
				CLANG_WARN_OBJC_ROOT_CLASS = YES_ERROR;
				CLANG_WARN_QUOTED_INCLUDE_IN_FRAMEWORK_HEADER = YES;
				CLANG_WARN_RANGE_LOOP_ANALYSIS = YES;
				CLANG_WARN_STRICT_PROTOTYPES = YES;
				CLANG_WARN_SUSPICIOUS_MOVE = YES;
				CLANG_WARN_UNGUARDED_AVAILABILITY = YES_AGGRESSIVE;
				CLANG_WARN_UNREACHABLE_CODE = YES;
				CLANG_WARN__DUPLICATE_METHOD_MATCH = YES;
				COPY_PHASE_STRIP = NO;
				DEBUG_INFORMATION_FORMAT = "dwarf-with-dsym";
				ENABLE_NS_ASSERTIONS = NO;
				ENABLE_STRICT_OBJC_MSGSEND = YES;
				GCC_C_LANGUAGE_STANDARD = gnu11;
				GCC_NO_COMMON_BLOCKS = YES;
				GCC_WARN_64_TO_32_BIT_CONVERSION = YES;
				GCC_WARN_ABOUT_RETURN_TYPE = YES_ERROR;
				GCC_WARN_UNDECLARED_SELECTOR = YES;
				GCC_WARN_UNINITIALIZED_AUTOS = YES_AGGRESSIVE;
				GCC_WARN_UNUSED_FUNCTION = YES;
				GCC_WARN_UNUSED_VARIABLE = YES;
				MACOSX_DEPLOYMENT_TARGET = 13.3;
				MTL_ENABLE_DEBUG_INFO = NO;
				MTL_FAST_MATH = YES;
				SDKROOT = macosx;
				SWIFT_COMPILATION_MODE = wholemodule;
				SWIFT_OPTIMIZATION_LEVEL = "-O";
			};
			name = Release;
		};
		85A95AE92A4FFDEA0082DE7B /* Debug */ = {
			isa = XCBuildConfiguration;
			buildSettings = {
				ASSETCATALOG_COMPILER_APPICON_NAME = AppIcon;
				ASSETCATALOG_COMPILER_GLOBAL_ACCENT_COLOR_NAME = AccentColor;
				CODE_SIGN_ENTITLEMENTS = testing/testing.entitlements;
				CODE_SIGN_STYLE = Automatic;
				COMBINE_HIDPI_IMAGES = YES;
				CURRENT_PROJECT_VERSION = 1;
				DEVELOPMENT_ASSET_PATHS = "\"testing/Preview Content\"";
				ENABLE_PREVIEWS = YES;
				GENERATE_INFOPLIST_FILE = YES;
				INFOPLIST_KEY_NSHumanReadableCopyright = "";
				LD_RUNPATH_SEARCH_PATHS = (
					"$(inherited)",
					"@executable_path/../Frameworks",
				);
				MARKETING_VERSION = 1.0;
				PRODUCT_BUNDLE_IDENTIFIER = thorstenball.testing;
				PRODUCT_NAME = "$(TARGET_NAME)";
				SWIFT_EMIT_LOC_STRINGS = YES;
				SWIFT_VERSION = 5.0;
			};
			name = Debug;
		};
		85A95AEA2A4FFDEA0082DE7B /* Release */ = {
			isa = XCBuildConfiguration;
			buildSettings = {
				ASSETCATALOG_COMPILER_APPICON_NAME = AppIcon;
				ASSETCATALOG_COMPILER_GLOBAL_ACCENT_COLOR_NAME = AccentColor;
				CODE_SIGN_ENTITLEMENTS = testing/testing.entitlements;
				CODE_SIGN_STYLE = Automatic;
				COMBINE_HIDPI_IMAGES = YES;
				CURRENT_PROJECT_VERSION = 1;
				DEVELOPMENT_ASSET_PATHS = "\"testing/Preview Content\"";
				ENABLE_PREVIEWS = YES;
				GENERATE_INFOPLIST_FILE = YES;
				INFOPLIST_KEY_NSHumanReadableCopyright = "";
				LD_RUNPATH_SEARCH_PATHS = (
					"$(inherited)",
					"@executable_path/../Frameworks",
				);
				MARKETING_VERSION = 1.0;
				PRODUCT_BUNDLE_IDENTIFIER = thorstenball.testing;
				PRODUCT_NAME = "$(TARGET_NAME)";
				SWIFT_EMIT_LOC_STRINGS = YES;
				SWIFT_VERSION = 5.0;
			};
			name = Release;
		};
		85A95AEC2A4FFDEA0082DE7B /* Debug */ = {
			isa = XCBuildConfiguration;
			buildSettings = {
				ALWAYS_EMBED_SWIFT_STANDARD_LIBRARIES = YES;
				BUNDLE_LOADER = "$(TEST_HOST)";
				CODE_SIGN_STYLE = Automatic;
				CURRENT_PROJECT_VERSION = 1;
				GENERATE_INFOPLIST_FILE = YES;
				MACOSX_DEPLOYMENT_TARGET = 13.3;
				MARKETING_VERSION = 1.0;
				PRODUCT_BUNDLE_IDENTIFIER = thorstenball.testingTests;
				PRODUCT_NAME = "$(TARGET_NAME)";
				SWIFT_EMIT_LOC_STRINGS = NO;
				SWIFT_VERSION = 5.0;
				TEST_HOST = "$(BUILT_PRODUCTS_DIR)/testing.app/$(BUNDLE_EXECUTABLE_FOLDER_PATH)/testing";
			};
			name = Debug;
		};
		85A95AED2A4FFDEA0082DE7B /* Release */ = {
			isa = XCBuildConfiguration;
			buildSettings = {
				ALWAYS_EMBED_SWIFT_STANDARD_LIBRARIES = YES;
				BUNDLE_LOADER = "$(TEST_HOST)";
				CODE_SIGN_STYLE = Automatic;
				CURRENT_PROJECT_VERSION = 1;
				GENERATE_INFOPLIST_FILE = YES;
				MACOSX_DEPLOYMENT_TARGET = 13.3;
				MARKETING_VERSION = 1.0;
				PRODUCT_BUNDLE_IDENTIFIER = thorstenball.testingTests;
				PRODUCT_NAME = "$(TARGET_NAME)";
				SWIFT_EMIT_LOC_STRINGS = NO;
				SWIFT_VERSION = 5.0;
				TEST_HOST = "$(BUILT_PRODUCTS_DIR)/testing.app/$(BUNDLE_EXECUTABLE_FOLDER_PATH)/testing";
			};
			name = Release;
		};
		85A95AEF2A4FFDEA0082DE7B /* Debug */ = {
			isa = XCBuildConfiguration;
			buildSettings = {
				ALWAYS_EMBED_SWIFT_STANDARD_LIBRARIES = YES;
				CODE_SIGN_STYLE = Automatic;
				CURRENT_PROJECT_VERSION = 1;
				GENERATE_INFOPLIST_FILE = YES;
				MARKETING_VERSION = 1.0;
				PRODUCT_BUNDLE_IDENTIFIER = thorstenball.testingUITests;
				PRODUCT_NAME = "$(TARGET_NAME)";
				SWIFT_EMIT_LOC_STRINGS = NO;
				SWIFT_VERSION = 5.0;
				TEST_TARGET_NAME = testing;
			};
			name = Debug;
		};
		85A95AF02A4FFDEA0082DE7B /* Release */ = {
			isa = XCBuildConfiguration;
			buildSettings = {
				ALWAYS_EMBED_SWIFT_STANDARD_LIBRARIES = YES;
				CODE_SIGN_STYLE = Automatic;
				CURRENT_PROJECT_VERSION = 1;
				GENERATE_INFOPLIST_FILE = YES;
				MARKETING_VERSION = 1.0;
				PRODUCT_BUNDLE_IDENTIFIER = thorstenball.testingUITests;
				PRODUCT_NAME = "$(TARGET_NAME)";
				SWIFT_EMIT_LOC_STRINGS = NO;
				SWIFT_VERSION = 5.0;
				TEST_TARGET_NAME = testing;
			};
			name = Release;
		};
/* End XCBuildConfiguration section */

/* Begin XCConfigurationList section */
		85A95ABE2A4FFDE90082DE7B /* Build configuration list for PBXProject "testing" */ = {
			isa = XCConfigurationList;
			buildConfigurations = (
				85A95AE62A4FFDEA0082DE7B /* Debug */,
				85A95AE72A4FFDEA0082DE7B /* Release */,
			);
			defaultConfigurationIsVisible = 0;
			defaultConfigurationName = Release;
		};
		85A95AE82A4FFDEA0082DE7B /* Build configuration list for PBXNativeTarget "testing" */ = {
			isa = XCConfigurationList;
			buildConfigurations = (
				85A95AE92A4FFDEA0082DE7B /* Debug */,
				85A95AEA2A4FFDEA0082DE7B /* Release */,
			);
			defaultConfigurationIsVisible = 0;
			defaultConfigurationName = Release;
		};
		85A95AEB2A4FFDEA0082DE7B /* Build configuration list for PBXNativeTarget "testingTests" */ = {
			isa = XCConfigurationList;
			buildConfigurations = (
				85A95AEC2A4FFDEA0082DE7B /* Debug */,
				85A95AED2A4FFDEA0082DE7B /* Release */,
			);
			defaultConfigurationIsVisible = 0;
			defaultConfigurationName = Release;
		};
		85A95AEE2A4FFDEA0082DE7B /* Build configuration list for PBXNativeTarget "testingUITests" */ = {
			isa = XCConfigurationList;
			buildConfigurations = (
				85A95AEF2A4FFDEA0082DE7B /* Debug */,
				85A95AF02A4FFDEA0082DE7B /* Release */,
			);
			defaultConfigurationIsVisible = 0;
			defaultConfigurationName = Release;
		};
/* End XCConfigurationList section */
	};
	rootObject = 85A95ABB2A4FFDE90082DE7B /* Project object */;
}
